
Microsoft Visual Studio Solution File, Format Version 12.00
# Visual Studio Version 16
VisualStudioVersion = 16.0.33927.289
MinimumVisualStudioVersion = 10.0.40219.1
Project("{FAE04EC0-301F-11D3-BF4B-00C04F79EFBC}") = "OilModelForm", "OilModelForm\OilModelForm.csproj", "{3A7E9E1B-146D-4E94-9AF7-890315D1CB9E}"
EndProject
Project("{FAE04EC0-301F-11D3-BF4B-00C04F79EFBC}") = "OilModel.Lib", "OilModel.Lib\OilModel.Lib.csproj", "{8A1A5784-5AF6-476C-9808-DF10CC1A539C}"
EndProject
Project("{FAE04EC0-301F-11D3-BF4B-00C04F79EFBC}") = "OilModel.Test", "OilModel.Test\OilModel.Test.csproj", "{A04CD1C2-D42B-427D-A4D5-DED7F09E2D46}"
EndProject
Global
	GlobalSection(SolutionConfigurationPlatforms) = preSolution
		Debug|Any CPU = Debug|Any CPU
		Release|Any CPU = Release|Any CPU
	EndGlobalSection
	GlobalSection(ProjectConfigurationPlatforms) = postSolution
		{3A7E9E1B-146D-4E94-9AF7-890315D1CB9E}.Debug|Any CPU.ActiveCfg = Debug|Any CPU
		{3A7E9E1B-146D-4E94-9AF7-890315D1CB9E}.Debug|Any CPU.Build.0 = Debug|Any CPU
		{3A7E9E1B-146D-4E94-9AF7-890315D1CB9E}.Release|Any CPU.ActiveCfg = Release|Any CPU
		{3A7E9E1B-146D-4E94-9AF7-890315D1CB9E}.Release|Any CPU.Build.0 = Release|Any CPU
		{8A1A5784-5AF6-476C-9808-DF10CC1A539C}.Debug|Any CPU.ActiveCfg = Debug|Any CPU
		{8A1A5784-5AF6-476C-9808-DF10CC1A539C}.Debug|Any CPU.Build.0 = Debug|Any CPU
		{8A1A5784-5AF6-476C-9808-DF10CC1A539C}.Release|Any CPU.ActiveCfg = Release|Any CPU
		{8A1A5784-5AF6-476C-9808-DF10CC1A539C}.Release|Any CPU.Build.0 = Release|Any CPU
		{A04CD1C2-D42B-427D-A4D5-DED7F09E2D46}.Debug|Any CPU.ActiveCfg = Debug|Any CPU
		{A04CD1C2-D42B-427D-A4D5-DED7F09E2D46}.Debug|Any CPU.Build.0 = Debug|Any CPU
		{A04CD1C2-D42B-427D-A4D5-DED7F09E2D46}.Release|Any CPU.ActiveCfg = Release|Any CPU
		{A04CD1C2-D42B-427D-A4D5-DED7F09E2D46}.Release|Any CPU.Build.0 = Release|Any CPU
	EndGlobalSection
	GlobalSection(SolutionProperties) = preSolution
		HideSolutionNode = FALSE
	EndGlobalSection
	GlobalSection(ExtensibilityGlobals) = postSolution
		SolutionGuid = {C756E815-6A17-45BB-BBC9-5B5990034AB2}
	EndGlobalSection
EndGlobal
